
Microsoft Visual Studio Solution File, Format Version 12.00
# Visual Studio 14
VisualStudioVersion = 14.0.25123.0
MinimumVisualStudioVersion = 10.0.40219.1
Project("{2150E333-8FDC-42A3-9474-1A3956D46DE8}") = "SquareExpression", "SquareExpression", "{5C77930B-A8A6-4099-8436-FAFCAD2EC0A3}"
	ProjectSection(SolutionItems) = preProject
		G:\李洪德\Pictures\Emotion\aha.png = G:\李洪德\Pictures\Emotion\aha.png
		G:\李洪德\Pictures\Emotion\amazed.png = G:\李洪德\Pictures\Emotion\amazed.png
		G:\李洪德\Pictures\Emotion\angry.png = G:\李洪德\Pictures\Emotion\angry.png
		G:\李洪德\Pictures\Emotion\angrying.png = G:\李洪德\Pictures\Emotion\angrying.png
		G:\李洪德\Pictures\Emotion\blink.png = G:\李洪德\Pictures\Emotion\blink.png
		G:\李洪德\Pictures\Emotion\blood.png = G:\李洪德\Pictures\Emotion\blood.png
		G:\李洪德\Pictures\Emotion\cool.png = G:\李洪德\Pictures\Emotion\cool.png
		G:\李洪德\Pictures\Emotion\cry.png = G:\李洪德\Pictures\Emotion\cry.png
		G:\李洪德\Pictures\Emotion\good.png = G:\李洪德\Pictures\Emotion\good.png
		G:\李洪德\Pictures\Emotion\happy.png = G:\李洪德\Pictures\Emotion\happy.png
		G:\李洪德\Pictures\Emotion\laugh.png = G:\李洪德\Pictures\Emotion\laugh.png
		G:\李洪德\Pictures\Emotion\love.png = G:\李洪德\Pictures\Emotion\love.png
		G:\李洪德\Pictures\Emotion\mengbi.png = G:\李洪德\Pictures\Emotion\mengbi.png
		G:\李洪德\Pictures\Emotion\omg.png = G:\李洪德\Pictures\Emotion\omg.png
		G:\李洪德\Pictures\Emotion\poor.png = G:\李洪德\Pictures\Emotion\poor.png
		G:\李洪德\Pictures\Emotion\qiu.png = G:\李洪德\Pictures\Emotion\qiu.png
		G:\李洪德\Pictures\Emotion\sad.png = G:\李洪德\Pictures\Emotion\sad.png
		G:\李洪德\Pictures\Emotion\scorn.png = G:\李洪德\Pictures\Emotion\scorn.png
		G:\李洪德\Pictures\Emotion\stunned.png = G:\李洪德\Pictures\Emotion\stunned.png
		G:\李洪德\Pictures\Emotion\upset.png = G:\李洪德\Pictures\Emotion\upset.png
		G:\李洪德\Pictures\Emotion\xu.png = G:\李洪德\Pictures\Emotion\xu.png
		G:\李洪德\Pictures\Emotion\zzz.png = G:\李洪德\Pictures\Emotion\zzz.png
	EndProjectSection
EndProject
Project("{2150E333-8FDC-42A3-9474-1A3956D46DE8}") = "CircelExpression", "CircelExpression", "{7D7BED7B-74B8-4D2A-978E-BC84678DCECF}"
	ProjectSection(SolutionItems) = preProject
		G:\李洪德\Pictures\Emotion\aha_Eli.png = G:\李洪德\Pictures\Emotion\aha_Eli.png
		G:\李洪德\Pictures\Emotion\amazed_Eli.png = G:\李洪德\Pictures\Emotion\amazed_Eli.png
		G:\李洪德\Pictures\Emotion\angry_Eli.png = G:\李洪德\Pictures\Emotion\angry_Eli.png
		G:\李洪德\Pictures\Emotion\angrying_Eli.png = G:\李洪德\Pictures\Emotion\angrying_Eli.png
		G:\李洪德\Pictures\Emotion\blink_Eli.png = G:\李洪德\Pictures\Emotion\blink_Eli.png
		G:\李洪德\Pictures\Emotion\blood_Eli.png = G:\李洪德\Pictures\Emotion\blood_Eli.png
		G:\李洪德\Pictures\Emotion\cool_Eli.png = G:\李洪德\Pictures\Emotion\cool_Eli.png
		G:\李洪德\Pictures\Emotion\cry_Eli.png = G:\李洪德\Pictures\Emotion\cry_Eli.png
		G:\李洪德\Pictures\Emotion\good_Eli.png = G:\李洪德\Pictures\Emotion\good_Eli.png
		G:\李洪德\Pictures\Emotion\happy_Eli.png = G:\李洪德\Pictures\Emotion\happy_Eli.png
		G:\李洪德\Pictures\Emotion\laugh_Eli.png = G:\李洪德\Pictures\Emotion\laugh_Eli.png
		G:\李洪德\Pictures\Emotion\love_Eli.png = G:\李洪德\Pictures\Emotion\love_Eli.png
		G:\李洪德\Pictures\Emotion\mengbi_e.png = G:\李洪德\Pictures\Emotion\mengbi_e.png
		G:\李洪德\Pictures\Emotion\omg_Eli.png = G:\李洪德\Pictures\Emotion\omg_Eli.png
		G:\李洪德\Pictures\Emotion\poor_Eli.png = G:\李洪德\Pictures\Emotion\poor_Eli.png
		G:\李洪德\Pictures\Emotion\qiu_Eli.png = G:\李洪德\Pictures\Emotion\qiu_Eli.png
		G:\李洪德\Pictures\Emotion\sad_Eli.png = G:\李洪德\Pictures\Emotion\sad_Eli.png
		G:\李洪德\Pictures\Emotion\scorn_Eli.png = G:\李洪德\Pictures\Emotion\scorn_Eli.png
		G:\李洪德\Pictures\Emotion\stunned_Eli.png = G:\李洪德\Pictures\Emotion\stunned_Eli.png
		G:\李洪德\Pictures\Emotion\upset_Eli.png = G:\李洪德\Pictures\Emotion\upset_Eli.png
		G:\李洪德\Pictures\Emotion\xu_Eli.png = G:\李洪德\Pictures\Emotion\xu_Eli.png
		G:\李洪德\Pictures\Emotion\zzz_Eli.png = G:\李洪德\Pictures\Emotion\zzz_Eli.png
	EndProjectSection
EndProject
Project("{2150E333-8FDC-42A3-9474-1A3956D46DE8}") = "psd", "psd", "{3DD21587-80A0-43C5-A8E9-EFD6DB9C58AF}"
	ProjectSection(SolutionItems) = preProject
		G:\李洪德\Pictures\Emotion\aha.psd = G:\李洪德\Pictures\Emotion\aha.psd
		G:\李洪德\Pictures\Emotion\amazed.psd = G:\李洪德\Pictures\Emotion\amazed.psd
		G:\李洪德\Pictures\Emotion\angry.psd = G:\李洪德\Pictures\Emotion\angry.psd
		G:\李洪德\Pictures\Emotion\angrying.psd = G:\李洪德\Pictures\Emotion\angrying.psd
		G:\李洪德\Pictures\Emotion\blink.psd = G:\李洪德\Pictures\Emotion\blink.psd
		G:\李洪德\Pictures\Emotion\blood.psd = G:\李洪德\Pictures\Emotion\blood.psd
		G:\李洪德\Pictures\Emotion\broken.psd = G:\李洪德\Pictures\Emotion\broken.psd
		G:\李洪德\Pictures\Emotion\cool.psd = G:\李洪德\Pictures\Emotion\cool.psd
		G:\李洪德\Pictures\Emotion\cry.psd = G:\李洪德\Pictures\Emotion\cry.psd
		G:\李洪德\Pictures\Emotion\good.psd = G:\李洪德\Pictures\Emotion\good.psd
		G:\李洪德\Pictures\Emotion\happy.psd = G:\李洪德\Pictures\Emotion\happy.psd
		G:\李洪德\Pictures\Emotion\laugh.psd = G:\李洪德\Pictures\Emotion\laugh.psd
		G:\李洪德\Pictures\Emotion\laugh_2.psd = G:\李洪德\Pictures\Emotion\laugh_2.psd
		G:\李洪德\Pictures\Emotion\love.psd = G:\李洪德\Pictures\Emotion\love.psd
		G:\李洪德\Pictures\Emotion\mengbi.psd = G:\李洪德\Pictures\Emotion\mengbi.psd
		G:\李洪德\Pictures\Emotion\omg.psd = G:\李洪德\Pictures\Emotion\omg.psd
		G:\李洪德\Pictures\Emotion\poor.psd = G:\李洪德\Pictures\Emotion\poor.psd
		G:\李洪德\Pictures\Emotion\qiu.psd = G:\李洪德\Pictures\Emotion\qiu.psd
		G:\李洪德\Pictures\Emotion\sad.psd = G:\李洪德\Pictures\Emotion\sad.psd
		G:\李洪德\Pictures\Emotion\scorn.psd = G:\李洪德\Pictures\Emotion\scorn.psd
		G:\李洪德\Pictures\Emotion\star.psd = G:\李洪德\Pictures\Emotion\star.psd
		G:\李洪德\Pictures\Emotion\stunned.psd = G:\李洪德\Pictures\Emotion\stunned.psd
		G:\李洪德\Pictures\Emotion\upset.psd = G:\李洪德\Pictures\Emotion\upset.psd
		G:\李洪德\Pictures\Emotion\xu.psd = G:\李洪德\Pictures\Emotion\xu.psd
		G:\李洪德\Pictures\Emotion\zzz.psd = G:\李洪德\Pictures\Emotion\zzz.psd
	EndProjectSection
EndProject
Global
	GlobalSection(SolutionProperties) = preSolution
		HideSolutionNode = FALSE
	EndGlobalSection
EndGlobal
